
Microsoft Visual Studio Solution File, Format Version 12.00
# Visual Studio Version 16
VisualStudioVersion = 16.0.30611.23
MinimumVisualStudioVersion = 10.0.40219.1
Project("{FAE04EC0-301F-11D3-BF4B-00C04F79EFBC}") = "StoreChain", "StoreChain\StoreChain.csproj", "{136E7221-1175-4DE4-9F5E-350BF23B65EC}"
EndProject
Global
	GlobalSection(SolutionConfigurationPlatforms) = preSolution
		Debug|Any CPU = Debug|Any CPU
		Release|Any CPU = Release|Any CPU
	EndGlobalSection
	GlobalSection(ProjectConfigurationPlatforms) = postSolution
		{136E7221-1175-4DE4-9F5E-350BF23B65EC}.Debug|Any CPU.ActiveCfg = Debug|Any CPU
		{136E7221-1175-4DE4-9F5E-350BF23B65EC}.Debug|Any CPU.Build.0 = Debug|Any CPU
		{136E7221-1175-4DE4-9F5E-350BF23B65EC}.Release|Any CPU.ActiveCfg = Release|Any CPU
		{136E7221-1175-4DE4-9F5E-350BF23B65EC}.Release|Any CPU.Build.0 = Release|Any CPU
	EndGlobalSection
	GlobalSection(SolutionProperties) = preSolution
		HideSolutionNode = FALSE
	EndGlobalSection
	GlobalSection(ExtensibilityGlobals) = postSolution
		SolutionGuid = {B21943D8-669B-4CC6-92E2-70DAC4183478}
	EndGlobalSection
EndGlobal
